Microsoft Visual Studio Solution File, Format Version 11.00
# Visual Studio 2008

Project("{174F8603-67D9-545F-53E5-AD1DF983E3FD}") = "BattleHit", "Assembly-CSharp-firstpass.csproj", "{EE4182F0-F2B2-844D-BF12-BED556012CF0}"
EndProject
Project("{174F8603-67D9-545F-53E5-AD1DF983E3FD}") = "BattleHit", "Assembly-CSharp.csproj", "{9B4177B5-0B7A-7FA4-2443-AAD486D86C73}"
EndProject
Project("{174F8603-67D9-545F-53E5-AD1DF983E3FD}") = "BattleHit", "Assembly-CSharp-Editor.csproj", "{998F1A70-085B-5A16-1DE8-A02241A10B3F}"
EndProject
Global
	GlobalSection(SolutionConfigurationPlatforms) = preSolution
		Debug|Any CPU = Debug|Any CPU
		Release|Any CPU = Release|Any CPU
	EndGlobalSection
	GlobalSection(ProjectConfigurationPlatforms) = postSolution
		{EE4182F0-F2B2-844D-BF12-BED556012CF0}.Debug|Any CPU.ActiveCfg = Debug|Any CPU
		{EE4182F0-F2B2-844D-BF12-BED556012CF0}.Debug|Any CPU.Build.0 = Debug|Any CPU
		{EE4182F0-F2B2-844D-BF12-BED556012CF0}.Release|Any CPU.ActiveCfg = Release|Any CPU
		{EE4182F0-F2B2-844D-BF12-BED556012CF0}.Release|Any CPU.Build.0 = Release|Any CPU
		{9B4177B5-0B7A-7FA4-2443-AAD486D86C73}.Debug|Any CPU.ActiveCfg = Debug|Any CPU
		{9B4177B5-0B7A-7FA4-2443-AAD486D86C73}.Debug|Any CPU.Build.0 = Debug|Any CPU
		{9B4177B5-0B7A-7FA4-2443-AAD486D86C73}.Release|Any CPU.ActiveCfg = Release|Any CPU
		{9B4177B5-0B7A-7FA4-2443-AAD486D86C73}.Release|Any CPU.Build.0 = Release|Any CPU
		{998F1A70-085B-5A16-1DE8-A02241A10B3F}.Debug|Any CPU.ActiveCfg = Debug|Any CPU
		{998F1A70-085B-5A16-1DE8-A02241A10B3F}.Debug|Any CPU.Build.0 = Debug|Any CPU
		{998F1A70-085B-5A16-1DE8-A02241A10B3F}.Release|Any CPU.ActiveCfg = Release|Any CPU
		{998F1A70-085B-5A16-1DE8-A02241A10B3F}.Release|Any CPU.Build.0 = Release|Any CPU
	EndGlobalSection
	GlobalSection(SolutionProperties) = preSolution
		HideSolutionNode = FALSE
	EndGlobalSection
	GlobalSection(MonoDevelopProperties) = preSolution
		StartupItem = Assembly-CSharp.csproj
	EndGlobalSection
EndGlobal
